
Microsoft Visual Studio Solution File, Format Version 12.00
# Visual Studio 15
VisualStudioVersion = 15.0.28307.1401
MinimumVisualStudioVersion = 10.0.40219.1
Project("{8BC9CEB8-8B4A-11D0-8D11-00A0C91BC942}") = "YJXDriver", "YJXDriver\YJXDriver.vcxproj", "{F19EF268-7866-49AF-B3F8-C2ACE6E8C13B}"
EndProject
Project("{8BC9CEB8-8B4A-11D0-8D11-00A0C91BC942}") = "CommicationSys", "CommicationSys\CommicationSys.vcxproj", "{910AC8C1-2FE8-4FDB-8BCF-D3888248D74C}"
EndProject
Project("{8BC9CEB8-8B4A-11D0-8D11-00A0C91BC942}") = "KernelInfo", "KernelInfo\KernelInfo.vcxproj", "{6945D73F-35A5-418E-A292-630DE87B0482}"
EndProject
Project("{8BC9CEB8-8B4A-11D0-8D11-00A0C91BC942}") = "TestWDM", "TestWDM\TestWDM.vcxproj", "{27578E01-87FB-42AE-BF43-B6961CE77A5B}"
EndProject
Project("{8BC9CEB8-8B4A-11D0-8D11-00A0C91BC942}") = "DriverAVL", "DriverAVL\DriverAVL.vcxproj", "{1BFF244D-BB86-45C6-98B8-9C79A461D124}"
EndProject
Project("{8BC9CEB8-8B4A-11D0-8D11-00A0C91BC942}") = "EnumDriver", "EnumDriver\EnumDriver.vcxproj", "{5031F22E-66CB-46B1-B131-227E86211541}"
EndProject
Project("{8BC9CEB8-8B4A-11D0-8D11-00A0C91BC942}") = "processTest", "processTest\processTest.vcxproj", "{34458509-60D2-4BC5-BDAF-A4AE5B8B09C1}"
EndProject
Project("{8BC9CEB8-8B4A-11D0-8D11-00A0C91BC942}") = "ProcessA", "ProcessA\ProcessA.vcxproj", "{295C14BE-F2C8-4711-9ECB-1DE25B7736B5}"
EndProject
Project("{8BC9CEB8-8B4A-11D0-8D11-00A0C91BC942}") = "DialogWrite", "DialogWrite\DialogWrite.vcxproj", "{BB1318C2-2B5D-49BF-9E27-B64D8C406B69}"
EndProject
Project("{8BC9CEB8-8B4A-11D0-8D11-00A0C91BC942}") = "DriverTestDifine", "DriverTestDifine\DriverTestDifine.vcxproj", "{9ACB6853-8C7D-42C2-9C62-3043AED833BA}"
EndProject
Global
	GlobalSection(SolutionConfigurationPlatforms) = preSolution
		Debug|ARM = Debug|ARM
		Debug|ARM64 = Debug|ARM64
		Debug|x64 = Debug|x64
		Debug|x86 = Debug|x86
		Release|ARM = Release|ARM
		Release|ARM64 = Release|ARM64
		Release|x64 = Release|x64
		Release|x86 = Release|x86
	EndGlobalSection
	GlobalSection(ProjectConfigurationPlatforms) = postSolution
		{F19EF268-7866-49AF-B3F8-C2ACE6E8C13B}.Debug|ARM.ActiveCfg = Debug|ARM
		{F19EF268-7866-49AF-B3F8-C2ACE6E8C13B}.Debug|ARM.Build.0 = Debug|ARM
		{F19EF268-7866-49AF-B3F8-C2ACE6E8C13B}.Debug|ARM.Deploy.0 = Debug|ARM
		{F19EF268-7866-49AF-B3F8-C2ACE6E8C13B}.Debug|ARM64.ActiveCfg = Debug|ARM64
		{F19EF268-7866-49AF-B3F8-C2ACE6E8C13B}.Debug|ARM64.Build.0 = Debug|ARM64
		{F19EF268-7866-49AF-B3F8-C2ACE6E8C13B}.Debug|ARM64.Deploy.0 = Debug|ARM64
		{F19EF268-7866-49AF-B3F8-C2ACE6E8C13B}.Debug|x64.ActiveCfg = Debug|x64
		{F19EF268-7866-49AF-B3F8-C2ACE6E8C13B}.Debug|x64.Build.0 = Debug|x64
		{F19EF268-7866-49AF-B3F8-C2ACE6E8C13B}.Debug|x64.Deploy.0 = Debug|x64
		{F19EF268-7866-49AF-B3F8-C2ACE6E8C13B}.Debug|x86.ActiveCfg = Debug|Win32
		{F19EF268-7866-49AF-B3F8-C2ACE6E8C13B}.Debug|x86.Build.0 = Debug|Win32
		{F19EF268-7866-49AF-B3F8-C2ACE6E8C13B}.Debug|x86.Deploy.0 = Debug|Win32
		{F19EF268-7866-49AF-B3F8-C2ACE6E8C13B}.Release|ARM.ActiveCfg = Release|ARM
		{F19EF268-7866-49AF-B3F8-C2ACE6E8C13B}.Release|ARM.Build.0 = Release|ARM
		{F19EF268-7866-49AF-B3F8-C2ACE6E8C13B}.Release|ARM.Deploy.0 = Release|ARM
		{F19EF268-7866-49AF-B3F8-C2ACE6E8C13B}.Release|ARM64.ActiveCfg = Release|ARM64
		{F19EF268-7866-49AF-B3F8-C2ACE6E8C13B}.Release|ARM64.Build.0 = Release|ARM64
		{F19EF268-7866-49AF-B3F8-C2ACE6E8C13B}.Release|ARM64.Deploy.0 = Release|ARM64
		{F19EF268-7866-49AF-B3F8-C2ACE6E8C13B}.Release|x64.ActiveCfg = Release|x64
		{F19EF268-7866-49AF-B3F8-C2ACE6E8C13B}.Release|x64.Build.0 = Release|x64
		{F19EF268-7866-49AF-B3F8-C2ACE6E8C13B}.Release|x64.Deploy.0 = Release|x64
		{F19EF268-7866-49AF-B3F8-C2ACE6E8C13B}.Release|x86.ActiveCfg = Release|Win32
		{F19EF268-7866-49AF-B3F8-C2ACE6E8C13B}.Release|x86.Build.0 = Release|Win32
		{F19EF268-7866-49AF-B3F8-C2ACE6E8C13B}.Release|x86.Deploy.0 = Release|Win32
		{910AC8C1-2FE8-4FDB-8BCF-D3888248D74C}.Debug|ARM.ActiveCfg = Debug|Win32
		{910AC8C1-2FE8-4FDB-8BCF-D3888248D74C}.Debug|ARM64.ActiveCfg = Debug|Win32
		{910AC8C1-2FE8-4FDB-8BCF-D3888248D74C}.Debug|x64.ActiveCfg = Debug|x64
		{910AC8C1-2FE8-4FDB-8BCF-D3888248D74C}.Debug|x64.Build.0 = Debug|x64
		{910AC8C1-2FE8-4FDB-8BCF-D3888248D74C}.Debug|x86.ActiveCfg = Debug|Win32
		{910AC8C1-2FE8-4FDB-8BCF-D3888248D74C}.Debug|x86.Build.0 = Debug|Win32
		{910AC8C1-2FE8-4FDB-8BCF-D3888248D74C}.Release|ARM.ActiveCfg = Release|Win32
		{910AC8C1-2FE8-4FDB-8BCF-D3888248D74C}.Release|ARM64.ActiveCfg = Release|Win32
		{910AC8C1-2FE8-4FDB-8BCF-D3888248D74C}.Release|x64.ActiveCfg = Release|x64
		{910AC8C1-2FE8-4FDB-8BCF-D3888248D74C}.Release|x64.Build.0 = Release|x64
		{910AC8C1-2FE8-4FDB-8BCF-D3888248D74C}.Release|x86.ActiveCfg = Release|Win32
		{910AC8C1-2FE8-4FDB-8BCF-D3888248D74C}.Release|x86.Build.0 = Release|Win32
		{6945D73F-35A5-418E-A292-630DE87B0482}.Debug|ARM.ActiveCfg = Debug|Win32
		{6945D73F-35A5-418E-A292-630DE87B0482}.Debug|ARM64.ActiveCfg = Debug|Win32
		{6945D73F-35A5-418E-A292-630DE87B0482}.Debug|x64.ActiveCfg = Debug|x64
		{6945D73F-35A5-418E-A292-630DE87B0482}.Debug|x64.Build.0 = Debug|x64
		{6945D73F-35A5-418E-A292-630DE87B0482}.Debug|x86.ActiveCfg = Debug|Win32
		{6945D73F-35A5-418E-A292-630DE87B0482}.Debug|x86.Build.0 = Debug|Win32
		{6945D73F-35A5-418E-A292-630DE87B0482}.Release|ARM.ActiveCfg = Release|Win32
		{6945D73F-35A5-418E-A292-630DE87B0482}.Release|ARM64.ActiveCfg = Release|Win32
		{6945D73F-35A5-418E-A292-630DE87B0482}.Release|x64.ActiveCfg = Release|x64
		{6945D73F-35A5-418E-A292-630DE87B0482}.Release|x64.Build.0 = Release|x64
		{6945D73F-35A5-418E-A292-630DE87B0482}.Release|x86.ActiveCfg = Release|Win32
		{6945D73F-35A5-418E-A292-630DE87B0482}.Release|x86.Build.0 = Release|Win32
		{27578E01-87FB-42AE-BF43-B6961CE77A5B}.Debug|ARM.ActiveCfg = Debug|ARM
		{27578E01-87FB-42AE-BF43-B6961CE77A5B}.Debug|ARM.Build.0 = Debug|ARM
		{27578E01-87FB-42AE-BF43-B6961CE77A5B}.Debug|ARM.Deploy.0 = Debug|ARM
		{27578E01-87FB-42AE-BF43-B6961CE77A5B}.Debug|ARM64.ActiveCfg = Debug|ARM64
		{27578E01-87FB-42AE-BF43-B6961CE77A5B}.Debug|ARM64.Build.0 = Debug|ARM64
		{27578E01-87FB-42AE-BF43-B6961CE77A5B}.Debug|ARM64.Deploy.0 = Debug|ARM64
		{27578E01-87FB-42AE-BF43-B6961CE77A5B}.Debug|x64.ActiveCfg = Debug|x64
		{27578E01-87FB-42AE-BF43-B6961CE77A5B}.Debug|x64.Build.0 = Debug|x64
		{27578E01-87FB-42AE-BF43-B6961CE77A5B}.Debug|x64.Deploy.0 = Debug|x64
		{27578E01-87FB-42AE-BF43-B6961CE77A5B}.Debug|x86.ActiveCfg = Debug|Win32
		{27578E01-87FB-42AE-BF43-B6961CE77A5B}.Debug|x86.Build.0 = Debug|Win32
		{27578E01-87FB-42AE-BF43-B6961CE77A5B}.Debug|x86.Deploy.0 = Debug|Win32
		{27578E01-87FB-42AE-BF43-B6961CE77A5B}.Release|ARM.ActiveCfg = Release|ARM
		{27578E01-87FB-42AE-BF43-B6961CE77A5B}.Release|ARM.Build.0 = Release|ARM
		{27578E01-87FB-42AE-BF43-B6961CE77A5B}.Release|ARM.Deploy.0 = Release|ARM
		{27578E01-87FB-42AE-BF43-B6961CE77A5B}.Release|ARM64.ActiveCfg = Release|ARM64
		{27578E01-87FB-42AE-BF43-B6961CE77A5B}.Release|ARM64.Build.0 = Release|ARM64
		{27578E01-87FB-42AE-BF43-B6961CE77A5B}.Release|ARM64.Deploy.0 = Release|ARM64
		{27578E01-87FB-42AE-BF43-B6961CE77A5B}.Release|x64.ActiveCfg = Release|x64
		{27578E01-87FB-42AE-BF43-B6961CE77A5B}.Release|x64.Build.0 = Release|x64
		{27578E01-87FB-42AE-BF43-B6961CE77A5B}.Release|x64.Deploy.0 = Release|x64
		{27578E01-87FB-42AE-BF43-B6961CE77A5B}.Release|x86.ActiveCfg = Release|Win32
		{27578E01-87FB-42AE-BF43-B6961CE77A5B}.Release|x86.Build.0 = Release|Win32
		{27578E01-87FB-42AE-BF43-B6961CE77A5B}.Release|x86.Deploy.0 = Release|Win32
		{1BFF244D-BB86-45C6-98B8-9C79A461D124}.Debug|ARM.ActiveCfg = Debug|ARM
		{1BFF244D-BB86-45C6-98B8-9C79A461D124}.Debug|ARM.Build.0 = Debug|ARM
		{1BFF244D-BB86-45C6-98B8-9C79A461D124}.Debug|ARM.Deploy.0 = Debug|ARM
		{1BFF244D-BB86-45C6-98B8-9C79A461D124}.Debug|ARM64.ActiveCfg = Debug|ARM64
		{1BFF244D-BB86-45C6-98B8-9C79A461D124}.Debug|ARM64.Build.0 = Debug|ARM64
		{1BFF244D-BB86-45C6-98B8-9C79A461D124}.Debug|ARM64.Deploy.0 = Debug|ARM64
		{1BFF244D-BB86-45C6-98B8-9C79A461D124}.Debug|x64.ActiveCfg = Debug|x64
		{1BFF244D-BB86-45C6-98B8-9C79A461D124}.Debug|x64.Build.0 = Debug|x64
		{1BFF244D-BB86-45C6-98B8-9C79A461D124}.Debug|x64.Deploy.0 = Debug|x64
		{1BFF244D-BB86-45C6-98B8-9C79A461D124}.Debug|x86.ActiveCfg = Debug|Win32
		{1BFF244D-BB86-45C6-98B8-9C79A461D124}.Debug|x86.Build.0 = Debug|Win32
		{1BFF244D-BB86-45C6-98B8-9C79A461D124}.Debug|x86.Deploy.0 = Debug|Win32
		{1BFF244D-BB86-45C6-98B8-9C79A461D124}.Release|ARM.ActiveCfg = Release|ARM
		{1BFF244D-BB86-45C6-98B8-9C79A461D124}.Release|ARM.Build.0 = Release|ARM
		{1BFF244D-BB86-45C6-98B8-9C79A461D124}.Release|ARM.Deploy.0 = Release|ARM
		{1BFF244D-BB86-45C6-98B8-9C79A461D124}.Release|ARM64.ActiveCfg = Release|ARM64
		{1BFF244D-BB86-45C6-98B8-9C79A461D124}.Release|ARM64.Build.0 = Release|ARM64
		{1BFF244D-BB86-45C6-98B8-9C79A461D124}.Release|ARM64.Deploy.0 = Release|ARM64
		{1BFF244D-BB86-45C6-98B8-9C79A461D124}.Release|x64.ActiveCfg = Release|x64
		{1BFF244D-BB86-45C6-98B8-9C79A461D124}.Release|x64.Build.0 = Release|x64
		{1BFF244D-BB86-45C6-98B8-9C79A461D124}.Release|x64.Deploy.0 = Release|x64
		{1BFF244D-BB86-45C6-98B8-9C79A461D124}.Release|x86.ActiveCfg = Release|Win32
		{1BFF244D-BB86-45C6-98B8-9C79A461D124}.Release|x86.Build.0 = Release|Win32
		{1BFF244D-BB86-45C6-98B8-9C79A461D124}.Release|x86.Deploy.0 = Release|Win32
		{5031F22E-66CB-46B1-B131-227E86211541}.Debug|ARM.ActiveCfg = Debug|ARM
		{5031F22E-66CB-46B1-B131-227E86211541}.Debug|ARM.Build.0 = Debug|ARM
		{5031F22E-66CB-46B1-B131-227E86211541}.Debug|ARM.Deploy.0 = Debug|ARM
		{5031F22E-66CB-46B1-B131-227E86211541}.Debug|ARM64.ActiveCfg = Debug|ARM64
		{5031F22E-66CB-46B1-B131-227E86211541}.Debug|ARM64.Build.0 = Debug|ARM64
		{5031F22E-66CB-46B1-B131-227E86211541}.Debug|ARM64.Deploy.0 = Debug|ARM64
		{5031F22E-66CB-46B1-B131-227E86211541}.Debug|x64.ActiveCfg = Debug|x64
		{5031F22E-66CB-46B1-B131-227E86211541}.Debug|x64.Build.0 = Debug|x64
		{5031F22E-66CB-46B1-B131-227E86211541}.Debug|x64.Deploy.0 = Debug|x64
		{5031F22E-66CB-46B1-B131-227E86211541}.Debug|x86.ActiveCfg = Debug|Win32
		{5031F22E-66CB-46B1-B131-227E86211541}.Debug|x86.Build.0 = Debug|Win32
		{5031F22E-66CB-46B1-B131-227E86211541}.Debug|x86.Deploy.0 = Debug|Win32
		{5031F22E-66CB-46B1-B131-227E86211541}.Release|ARM.ActiveCfg = Release|ARM
		{5031F22E-66CB-46B1-B131-227E86211541}.Release|ARM.Build.0 = Release|ARM
		{5031F22E-66CB-46B1-B131-227E86211541}.Release|ARM.Deploy.0 = Release|ARM
		{5031F22E-66CB-46B1-B131-227E86211541}.Release|ARM64.ActiveCfg = Release|ARM64
		{5031F22E-66CB-46B1-B131-227E86211541}.Release|ARM64.Build.0 = Release|ARM64
		{5031F22E-66CB-46B1-B131-227E86211541}.Release|ARM64.Deploy.0 = Release|ARM64
		{5031F22E-66CB-46B1-B131-227E86211541}.Release|x64.ActiveCfg = Release|x64
		{5031F22E-66CB-46B1-B131-227E86211541}.Release|x64.Build.0 = Release|x64
		{5031F22E-66CB-46B1-B131-227E86211541}.Release|x64.Deploy.0 = Release|x64
		{5031F22E-66CB-46B1-B131-227E86211541}.Release|x86.ActiveCfg = Release|Win32
		{5031F22E-66CB-46B1-B131-227E86211541}.Release|x86.Build.0 = Release|Win32
		{5031F22E-66CB-46B1-B131-227E86211541}.Release|x86.Deploy.0 = Release|Win32
		{34458509-60D2-4BC5-BDAF-A4AE5B8B09C1}.Debug|ARM.ActiveCfg = Debug|Win32
		{34458509-60D2-4BC5-BDAF-A4AE5B8B09C1}.Debug|ARM64.ActiveCfg = Debug|Win32
		{34458509-60D2-4BC5-BDAF-A4AE5B8B09C1}.Debug|x64.ActiveCfg = Debug|x64
		{34458509-60D2-4BC5-BDAF-A4AE5B8B09C1}.Debug|x64.Build.0 = Debug|x64
		{34458509-60D2-4BC5-BDAF-A4AE5B8B09C1}.Debug|x86.ActiveCfg = Debug|Win32
		{34458509-60D2-4BC5-BDAF-A4AE5B8B09C1}.Debug|x86.Build.0 = Debug|Win32
		{34458509-60D2-4BC5-BDAF-A4AE5B8B09C1}.Release|ARM.ActiveCfg = Release|Win32
		{34458509-60D2-4BC5-BDAF-A4AE5B8B09C1}.Release|ARM64.ActiveCfg = Release|Win32
		{34458509-60D2-4BC5-BDAF-A4AE5B8B09C1}.Release|x64.ActiveCfg = Release|x64
		{34458509-60D2-4BC5-BDAF-A4AE5B8B09C1}.Release|x64.Build.0 = Release|x64
		{34458509-60D2-4BC5-BDAF-A4AE5B8B09C1}.Release|x86.ActiveCfg = Release|Win32
		{34458509-60D2-4BC5-BDAF-A4AE5B8B09C1}.Release|x86.Build.0 = Release|Win32
		{295C14BE-F2C8-4711-9ECB-1DE25B7736B5}.Debug|ARM.ActiveCfg = Debug|Win32
		{295C14BE-F2C8-4711-9ECB-1DE25B7736B5}.Debug|ARM64.ActiveCfg = Debug|Win32
		{295C14BE-F2C8-4711-9ECB-1DE25B7736B5}.Debug|x64.ActiveCfg = Debug|x64
		{295C14BE-F2C8-4711-9ECB-1DE25B7736B5}.Debug|x64.Build.0 = Debug|x64
		{295C14BE-F2C8-4711-9ECB-1DE25B7736B5}.Debug|x86.ActiveCfg = Debug|Win32
		{295C14BE-F2C8-4711-9ECB-1DE25B7736B5}.Debug|x86.Build.0 = Debug|Win32
		{295C14BE-F2C8-4711-9ECB-1DE25B7736B5}.Release|ARM.ActiveCfg = Release|Win32
		{295C14BE-F2C8-4711-9ECB-1DE25B7736B5}.Release|ARM64.ActiveCfg = Release|Win32
		{295C14BE-F2C8-4711-9ECB-1DE25B7736B5}.Release|x64.ActiveCfg = Release|x64
		{295C14BE-F2C8-4711-9ECB-1DE25B7736B5}.Release|x64.Build.0 = Release|x64
		{295C14BE-F2C8-4711-9ECB-1DE25B7736B5}.Release|x86.ActiveCfg = Release|Win32
		{295C14BE-F2C8-4711-9ECB-1DE25B7736B5}.Release|x86.Build.0 = Release|Win32
		{BB1318C2-2B5D-49BF-9E27-B64D8C406B69}.Debug|ARM.ActiveCfg = Debug|Win32
		{BB1318C2-2B5D-49BF-9E27-B64D8C406B69}.Debug|ARM64.ActiveCfg = Debug|Win32
		{BB1318C2-2B5D-49BF-9E27-B64D8C406B69}.Debug|x64.ActiveCfg = Debug|x64
		{BB1318C2-2B5D-49BF-9E27-B64D8C406B69}.Debug|x64.Build.0 = Debug|x64
		{BB1318C2-2B5D-49BF-9E27-B64D8C406B69}.Debug|x86.ActiveCfg = Debug|Win32
		{BB1318C2-2B5D-49BF-9E27-B64D8C406B69}.Debug|x86.Build.0 = Debug|Win32
		{BB1318C2-2B5D-49BF-9E27-B64D8C406B69}.Release|ARM.ActiveCfg = Release|Win32
		{BB1318C2-2B5D-49BF-9E27-B64D8C406B69}.Release|ARM64.ActiveCfg = Release|Win32
		{BB1318C2-2B5D-49BF-9E27-B64D8C406B69}.Release|x64.ActiveCfg = Release|x64
		{BB1318C2-2B5D-49BF-9E27-B64D8C406B69}.Release|x64.Build.0 = Release|x64
		{BB1318C2-2B5D-49BF-9E27-B64D8C406B69}.Release|x86.ActiveCfg = Release|Win32
		{BB1318C2-2B5D-49BF-9E27-B64D8C406B69}.Release|x86.Build.0 = Release|Win32
		{9ACB6853-8C7D-42C2-9C62-3043AED833BA}.Debug|ARM.ActiveCfg = Debug|ARM
		{9ACB6853-8C7D-42C2-9C62-3043AED833BA}.Debug|ARM.Build.0 = Debug|ARM
		{9ACB6853-8C7D-42C2-9C62-3043AED833BA}.Debug|ARM.Deploy.0 = Debug|ARM
		{9ACB6853-8C7D-42C2-9C62-3043AED833BA}.Debug|ARM64.ActiveCfg = Debug|ARM64
		{9ACB6853-8C7D-42C2-9C62-3043AED833BA}.Debug|ARM64.Build.0 = Debug|ARM64
		{9ACB6853-8C7D-42C2-9C62-3043AED833BA}.Debug|ARM64.Deploy.0 = Debug|ARM64
		{9ACB6853-8C7D-42C2-9C62-3043AED833BA}.Debug|x64.ActiveCfg = Debug|x64
		{9ACB6853-8C7D-42C2-9C62-3043AED833BA}.Debug|x64.Build.0 = Debug|x64
		{9ACB6853-8C7D-42C2-9C62-3043AED833BA}.Debug|x64.Deploy.0 = Debug|x64
		{9ACB6853-8C7D-42C2-9C62-3043AED833BA}.Debug|x86.ActiveCfg = Debug|Win32
		{9ACB6853-8C7D-42C2-9C62-3043AED833BA}.Debug|x86.Build.0 = Debug|Win32
		{9ACB6853-8C7D-42C2-9C62-3043AED833BA}.Debug|x86.Deploy.0 = Debug|Win32
		{9ACB6853-8C7D-42C2-9C62-3043AED833BA}.Release|ARM.ActiveCfg = Release|ARM
		{9ACB6853-8C7D-42C2-9C62-3043AED833BA}.Release|ARM.Build.0 = Release|ARM
		{9ACB6853-8C7D-42C2-9C62-3043AED833BA}.Release|ARM.Deploy.0 = Release|ARM
		{9ACB6853-8C7D-42C2-9C62-3043AED833BA}.Release|ARM64.ActiveCfg = Release|ARM64
		{9ACB6853-8C7D-42C2-9C62-3043AED833BA}.Release|ARM64.Build.0 = Release|ARM64
		{9ACB6853-8C7D-42C2-9C62-3043AED833BA}.Release|ARM64.Deploy.0 = Release|ARM64
		{9ACB6853-8C7D-42C2-9C62-3043AED833BA}.Release|x64.ActiveCfg = Release|x64
		{9ACB6853-8C7D-42C2-9C62-3043AED833BA}.Release|x64.Build.0 = Release|x64
		{9ACB6853-8C7D-42C2-9C62-3043AED833BA}.Release|x64.Deploy.0 = Release|x64
		{9ACB6853-8C7D-42C2-9C62-3043AED833BA}.Release|x86.ActiveCfg = Release|Win32
		{9ACB6853-8C7D-42C2-9C62-3043AED833BA}.Release|x86.Build.0 = Release|Win32
		{9ACB6853-8C7D-42C2-9C62-3043AED833BA}.Release|x86.Deploy.0 = Release|Win32
	EndGlobalSection
	GlobalSection(SolutionProperties) = preSolution
		HideSolutionNode = FALSE
	EndGlobalSection
	GlobalSection(ExtensibilityGlobals) = postSolution
		SolutionGuid = {AE5DF682-5B54-4119-BE49-0B241113FA59}
	EndGlobalSection
EndGlobal
